
Microsoft Visual Studio Solution File, Format Version 12.00
# Visual Studio 15
VisualStudioVersion = 15.0.28307.572
MinimumVisualStudioVersion = 10.0.40219.1
Project("{9A19103F-16F7-4668-BE54-9A1E7A4F7556}") = "OcelotGateway", "OcelotGateway\OcelotGateway.csproj", "{47217F39-A3DD-41E9-B9D0-66D2C68127E2}"
EndProject
Project("{9A19103F-16F7-4668-BE54-9A1E7A4F7556}") = "API001", "API001\API001.csproj", "{5CD8ADC9-D073-4219-8260-6481B3C5E4CC}"
EndProject
Project("{9A19103F-16F7-4668-BE54-9A1E7A4F7556}") = "API002", "API002\API002.csproj", "{CE913A1F-54D0-447C-865A-4F84E489A7FD}"
EndProject
Project("{9A19103F-16F7-4668-BE54-9A1E7A4F7556}") = "TestClient", "TestClient\TestClient.csproj", "{18B0EB17-9857-4C24-9249-1641862C23FC}"
EndProject
Project("{E53339B2-1760-4266-BCC7-CA923CBCF16C}") = "docker-compose", "docker-compose.dcproj", "{0265FE0E-08E6-4507-9918-E98BF082CFF7}"
EndProject
Project("{2150E333-8FDC-42A3-9474-1A3956D46DE8}") = "Infrastructure", "Infrastructure", "{C0F1131E-0A09-4392-BD90-6BF55474C611}"
EndProject
Project("{9A19103F-16F7-4668-BE54-9A1E7A4F7556}") = "ConsulCore", "ConsulCore\ConsulCore.csproj", "{5B943093-E326-43EE-8B4F-79B733BD7760}"
EndProject
Project("{FAE04EC0-301F-11D3-BF4B-00C04F79EFBC}") = "SerilogCore", "SerilogCore\SerilogCore.csproj", "{A03A9D7D-C883-425E-9D96-92F14C381DC7}"
EndProject
Global
	GlobalSection(SolutionConfigurationPlatforms) = preSolution
		Debug|Any CPU = Debug|Any CPU
		Release|Any CPU = Release|Any CPU
	EndGlobalSection
	GlobalSection(ProjectConfigurationPlatforms) = postSolution
		{47217F39-A3DD-41E9-B9D0-66D2C68127E2}.Debug|Any CPU.ActiveCfg = Debug|Any CPU
		{47217F39-A3DD-41E9-B9D0-66D2C68127E2}.Debug|Any CPU.Build.0 = Debug|Any CPU
		{47217F39-A3DD-41E9-B9D0-66D2C68127E2}.Release|Any CPU.ActiveCfg = Release|Any CPU
		{47217F39-A3DD-41E9-B9D0-66D2C68127E2}.Release|Any CPU.Build.0 = Release|Any CPU
		{5CD8ADC9-D073-4219-8260-6481B3C5E4CC}.Debug|Any CPU.ActiveCfg = Debug|Any CPU
		{5CD8ADC9-D073-4219-8260-6481B3C5E4CC}.Debug|Any CPU.Build.0 = Debug|Any CPU
		{5CD8ADC9-D073-4219-8260-6481B3C5E4CC}.Release|Any CPU.ActiveCfg = Release|Any CPU
		{5CD8ADC9-D073-4219-8260-6481B3C5E4CC}.Release|Any CPU.Build.0 = Release|Any CPU
		{CE913A1F-54D0-447C-865A-4F84E489A7FD}.Debug|Any CPU.ActiveCfg = Debug|Any CPU
		{CE913A1F-54D0-447C-865A-4F84E489A7FD}.Debug|Any CPU.Build.0 = Debug|Any CPU
		{CE913A1F-54D0-447C-865A-4F84E489A7FD}.Release|Any CPU.ActiveCfg = Release|Any CPU
		{CE913A1F-54D0-447C-865A-4F84E489A7FD}.Release|Any CPU.Build.0 = Release|Any CPU
		{18B0EB17-9857-4C24-9249-1641862C23FC}.Debug|Any CPU.ActiveCfg = Debug|Any CPU
		{18B0EB17-9857-4C24-9249-1641862C23FC}.Debug|Any CPU.Build.0 = Debug|Any CPU
		{18B0EB17-9857-4C24-9249-1641862C23FC}.Release|Any CPU.ActiveCfg = Release|Any CPU
		{18B0EB17-9857-4C24-9249-1641862C23FC}.Release|Any CPU.Build.0 = Release|Any CPU
		{0265FE0E-08E6-4507-9918-E98BF082CFF7}.Debug|Any CPU.ActiveCfg = Debug|Any CPU
		{0265FE0E-08E6-4507-9918-E98BF082CFF7}.Debug|Any CPU.Build.0 = Debug|Any CPU
		{0265FE0E-08E6-4507-9918-E98BF082CFF7}.Release|Any CPU.ActiveCfg = Release|Any CPU
		{0265FE0E-08E6-4507-9918-E98BF082CFF7}.Release|Any CPU.Build.0 = Release|Any CPU
		{5B943093-E326-43EE-8B4F-79B733BD7760}.Debug|Any CPU.ActiveCfg = Debug|Any CPU
		{5B943093-E326-43EE-8B4F-79B733BD7760}.Debug|Any CPU.Build.0 = Debug|Any CPU
		{5B943093-E326-43EE-8B4F-79B733BD7760}.Release|Any CPU.ActiveCfg = Release|Any CPU
		{5B943093-E326-43EE-8B4F-79B733BD7760}.Release|Any CPU.Build.0 = Release|Any CPU
		{A03A9D7D-C883-425E-9D96-92F14C381DC7}.Debug|Any CPU.ActiveCfg = Debug|Any CPU
		{A03A9D7D-C883-425E-9D96-92F14C381DC7}.Debug|Any CPU.Build.0 = Debug|Any CPU
		{A03A9D7D-C883-425E-9D96-92F14C381DC7}.Release|Any CPU.ActiveCfg = Release|Any CPU
		{A03A9D7D-C883-425E-9D96-92F14C381DC7}.Release|Any CPU.Build.0 = Release|Any CPU
	EndGlobalSection
	GlobalSection(SolutionProperties) = preSolution
		HideSolutionNode = FALSE
	EndGlobalSection
	GlobalSection(NestedProjects) = preSolution
		{5B943093-E326-43EE-8B4F-79B733BD7760} = {C0F1131E-0A09-4392-BD90-6BF55474C611}
		{A03A9D7D-C883-425E-9D96-92F14C381DC7} = {C0F1131E-0A09-4392-BD90-6BF55474C611}
	EndGlobalSection
	GlobalSection(ExtensibilityGlobals) = postSolution
		SolutionGuid = {C93320E0-0B29-4ED1-A3F2-F134986BC058}
	EndGlobalSection
EndGlobal
